// !$*UTF8*$!
{
	archiveVersion = 1;
	classes = {
	};
	objectVersion = 50;
	objects = {

/* Begin PBXBuildFile section */
		1A03F1BC22730FAE000BB1E8 /* RKReadView.m in Sources */ = {isa = PBXBuildFile; fileRef = 1A03F1BB22730FAE000BB1E8 /* RKReadView.m */; };
		1A077627227854EB0073794E /* RKUserConfig.m in Sources */ = {isa = PBXBuildFile; fileRef = 1A077626227854EB0073794E /* RKUserConfig.m */; };
		1A07E6ED230B9CA9006FB45C /* Hannotate.ttc in Resources */ = {isa = PBXBuildFile; fileRef = 1A07E6EC230B9CA9006FB45C /* Hannotate.ttc */; };
		1A07E6EE230B9CB5006FB45C /* LingWaiSC-Medium.otf in Resources */ = {isa = PBXBuildFile; fileRef = 1A07E6EB230B9BC0006FB45C /* LingWaiSC-Medium.otf */; };
		1A07E6F1230BEBEC006FB45C /* RKChaptersListView.m in Sources */ = {isa = PBXBuildFile; fileRef = 1A07E6F0230BEBEC006FB45C /* RKChaptersListView.m */; };
		1A16F8AC2271A86A006568A5 /* RKReadPageViewController.m in Sources */ = {isa = PBXBuildFile; fileRef = 1A16F8AB2271A86A006568A5 /* RKReadPageViewController.m */; };
		1A16F8AF2271A877006568A5 /* RKReadViewController.m in Sources */ = {isa = PBXBuildFile; fileRef = 1A16F8AE2271A877006568A5 /* RKReadViewController.m */; };
		1A16F8B22271B713006568A5 /* RKReadMenuView.m in Sources */ = {isa = PBXBuildFile; fileRef = 1A16F8B12271B713006568A5 /* RKReadMenuView.m */; };
		1A1888F8226D709100289476 /* AppDelegate.m in Sources */ = {isa = PBXBuildFile; fileRef = 1A1888F7226D709100289476 /* AppDelegate.m */; };
		1A188900226D709200289476 /* Assets.xcassets in Resources */ = {isa = PBXBuildFile; fileRef = 1A1888FF226D709200289476 /* Assets.xcassets */; };
		1A188903226D709200289476 /* LaunchScreen.storyboard in Resources */ = {isa = PBXBuildFile; fileRef = 1A188901226D709200289476 /* LaunchScreen.storyboard */; };
		1A188906226D709200289476 /* main.m in Sources */ = {isa = PBXBuildFile; fileRef = 1A188905226D709200289476 /* main.m */; };
		1A188915226D78C000289476 /* RKNavigationController.m in Sources */ = {isa = PBXBuildFile; fileRef = 1A188914226D78C000289476 /* RKNavigationController.m */; };
		1A188918226D792200289476 /* RKViewController.m in Sources */ = {isa = PBXBuildFile; fileRef = 1A188917226D792200289476 /* RKViewController.m */; };
		1A18891B226D79B300289476 /* RKHomeListViewController.m in Sources */ = {isa = PBXBuildFile; fileRef = 1A18891A226D79B300289476 /* RKHomeListViewController.m */; };
		1A18891E226D7A2D00289476 /* RKSettingViewController.m in Sources */ = {isa = PBXBuildFile; fileRef = 1A18891D226D7A2D00289476 /* RKSettingViewController.m */; };
		1A188921226D7A8600289476 /* RKHomeListTableViewCell.m in Sources */ = {isa = PBXBuildFile; fileRef = 1A188920226D7A8600289476 /* RKHomeListTableViewCell.m */; };
		1A188924226D7AC300289476 /* RKModel.m in Sources */ = {isa = PBXBuildFile; fileRef = 1A188923226D7AC300289476 /* RKModel.m */; };
		1A188927226D7AEC00289476 /* RKBook.m in Sources */ = {isa = PBXBuildFile; fileRef = 1A188926226D7AEC00289476 /* RKBook.m */; };
		1A18892A226D7B1200289476 /* RKChapter.m in Sources */ = {isa = PBXBuildFile; fileRef = 1A188929226D7B1200289476 /* RKChapter.m */; };
		1A18892E226D7BC900289476 /* RKFileManage.m in Sources */ = {isa = PBXBuildFile; fileRef = 1A18892D226D7BC900289476 /* RKFileManage.m */; };
		1A188934226D7BEB00289476 /* RKLoadingView.m in Sources */ = {isa = PBXBuildFile; fileRef = 1A188930226D7BEB00289476 /* RKLoadingView.m */; };
		1A188935226D7BEB00289476 /* RKAlertMessage.m in Sources */ = {isa = PBXBuildFile; fileRef = 1A188931226D7BEB00289476 /* RKAlertMessage.m */; };
		1A18893A226DB93E00289476 /* RKBookImprotViewController.m in Sources */ = {isa = PBXBuildFile; fileRef = 1A188939226DB93E00289476 /* RKBookImprotViewController.m */; };
		1AAF3238230AA449008C5E45 /* RKFontSetttingViewController.m in Sources */ = {isa = PBXBuildFile; fileRef = 1AAF3237230AA449008C5E45 /* RKFontSetttingViewController.m */; };
		1AAF323B230AA796008C5E45 /* RKSelectImageCollectionViewCell.m in Sources */ = {isa = PBXBuildFile; fileRef = 1AAF323A230AA796008C5E45 /* RKSelectImageCollectionViewCell.m */; };
		1AC0C8DA230A41F100194C48 /* RKReadSettingViewController.m in Sources */ = {isa = PBXBuildFile; fileRef = 1AC0C8D9230A41F100194C48 /* RKReadSettingViewController.m */; };
		1AC0C8DC230A496200194C48 /* YuppySC-Regular.otf in Resources */ = {isa = PBXBuildFile; fileRef = 1AC0C8DB230A496200194C48 /* YuppySC-Regular.otf */; };
		1AC0C8DF230A9D7C00194C48 /* RKSelectImageViewController.m in Sources */ = {isa = PBXBuildFile; fileRef = 1AC0C8DE230A9D7C00194C48 /* RKSelectImageViewController.m */; };
		2F87695335C4479095D5B371 /* libPods-Reader.a in Frameworks */ = {isa = PBXBuildFile; fileRef = D421B9BE9DB0080C1EDE9100 /* libPods-Reader.a */; };
/* End PBXBuildFile section */

/* Begin PBXFileReference section */
		1A03F1BA22730FAE000BB1E8 /* RKReadView.h */ = {isa = PBXFileReference; lastKnownFileType = sourcecode.c.h; path = RKReadView.h; sourceTree = "<group>"; };
		1A03F1BB22730FAE000BB1E8 /* RKReadView.m */ = {isa = PBXFileReference; lastKnownFileType = sourcecode.c.objc; path = RKReadView.m; sourceTree = "<group>"; };
		1A077625227854EB0073794E /* RKUserConfig.h */ = {isa = PBXFileReference; lastKnownFileType = sourcecode.c.h; path = RKUserConfig.h; sourceTree = "<group>"; };
		1A077626227854EB0073794E /* RKUserConfig.m */ = {isa = PBXFileReference; lastKnownFileType = sourcecode.c.objc; path = RKUserConfig.m; sourceTree = "<group>"; };
		1A07E6EB230B9BC0006FB45C /* LingWaiSC-Medium.otf */ = {isa = PBXFileReference; lastKnownFileType = file; path = "LingWaiSC-Medium.otf"; sourceTree = "<group>"; };
		1A07E6EC230B9CA9006FB45C /* Hannotate.ttc */ = {isa = PBXFileReference; lastKnownFileType = file; path = Hannotate.ttc; sourceTree = "<group>"; };
		1A07E6EF230BEBEC006FB45C /* RKChaptersListView.h */ = {isa = PBXFileReference; lastKnownFileType = sourcecode.c.h; path = RKChaptersListView.h; sourceTree = "<group>"; };
		1A07E6F0230BEBEC006FB45C /* RKChaptersListView.m */ = {isa = PBXFileReference; lastKnownFileType = sourcecode.c.objc; path = RKChaptersListView.m; sourceTree = "<group>"; };
		1A16F8AA2271A86A006568A5 /* RKReadPageViewController.h */ = {isa = PBXFileReference; lastKnownFileType = sourcecode.c.h; path = RKReadPageViewController.h; sourceTree = "<group>"; };
		1A16F8AB2271A86A006568A5 /* RKReadPageViewController.m */ = {isa = PBXFileReference; lastKnownFileType = sourcecode.c.objc; path = RKReadPageViewController.m; sourceTree = "<group>"; };
		1A16F8AD2271A877006568A5 /* RKReadViewController.h */ = {isa = PBXFileReference; lastKnownFileType = sourcecode.c.h; path = RKReadViewController.h; sourceTree = "<group>"; };
		1A16F8AE2271A877006568A5 /* RKReadViewController.m */ = {isa = PBXFileReference; lastKnownFileType = sourcecode.c.objc; path = RKReadViewController.m; sourceTree = "<group>"; };
		1A16F8B02271B713006568A5 /* RKReadMenuView.h */ = {isa = PBXFileReference; lastKnownFileType = sourcecode.c.h; path = RKReadMenuView.h; sourceTree = "<group>"; };
		1A16F8B12271B713006568A5 /* RKReadMenuView.m */ = {isa = PBXFileReference; lastKnownFileType = sourcecode.c.objc; path = RKReadMenuView.m; sourceTree = "<group>"; };
		1A1888F3226D709100289476 /* Reader.app */ = {isa = PBXFileReference; explicitFileType = wrapper.application; includeInIndex = 0; path = Reader.app; sourceTree = BUILT_PRODUCTS_DIR; };
		1A1888F6226D709100289476 /* AppDelegate.h */ = {isa = PBXFileReference; lastKnownFileType = sourcecode.c.h; path = AppDelegate.h; sourceTree = "<group>"; };
		1A1888F7226D709100289476 /* AppDelegate.m */ = {isa = PBXFileReference; lastKnownFileType = sourcecode.c.objc; path = AppDelegate.m; sourceTree = "<group>"; };
		1A1888FF226D709200289476 /* Assets.xcassets */ = {isa = PBXFileReference; lastKnownFileType = folder.assetcatalog; path = Assets.xcassets; sourceTree = "<group>"; };
		1A188902226D709200289476 /* Base */ = {isa = PBXFileReference; lastKnownFileType = file.storyboard; name = Base; path = Base.lproj/LaunchScreen.storyboard; sourceTree = "<group>"; };
		1A188904226D709200289476 /* Info.plist */ = {isa = PBXFileReference; lastKnownFileType = text.plist.xml; path = Info.plist; sourceTree = "<group>"; };
		1A188905226D709200289476 /* main.m */ = {isa = PBXFileReference; lastKnownFileType = sourcecode.c.objc; path = main.m; sourceTree = "<group>"; };
		1A188912226D780800289476 /* PrefixHeader.pch */ = {isa = PBXFileReference; lastKnownFileType = sourcecode.c.h; path = PrefixHeader.pch; sourceTree = "<group>"; };
		1A188913226D78C000289476 /* RKNavigationController.h */ = {isa = PBXFileReference; lastKnownFileType = sourcecode.c.h; path = RKNavigationController.h; sourceTree = "<group>"; };
		1A188914226D78C000289476 /* RKNavigationController.m */ = {isa = PBXFileReference; lastKnownFileType = sourcecode.c.objc; path = RKNavigationController.m; sourceTree = "<group>"; };
		1A188916226D792200289476 /* RKViewController.h */ = {isa = PBXFileReference; lastKnownFileType = sourcecode.c.h; path = RKViewController.h; sourceTree = "<group>"; };
		1A188917226D792200289476 /* RKViewController.m */ = {isa = PBXFileReference; lastKnownFileType = sourcecode.c.objc; path = RKViewController.m; sourceTree = "<group>"; };
		1A188919226D79B300289476 /* RKHomeListViewController.h */ = {isa = PBXFileReference; lastKnownFileType = sourcecode.c.h; path = RKHomeListViewController.h; sourceTree = "<group>"; };
		1A18891A226D79B300289476 /* RKHomeListViewController.m */ = {isa = PBXFileReference; lastKnownFileType = sourcecode.c.objc; path = RKHomeListViewController.m; sourceTree = "<group>"; };
		1A18891C226D7A2D00289476 /* RKSettingViewController.h */ = {isa = PBXFileReference; lastKnownFileType = sourcecode.c.h; path = RKSettingViewController.h; sourceTree = "<group>"; };
		1A18891D226D7A2D00289476 /* RKSettingViewController.m */ = {isa = PBXFileReference; lastKnownFileType = sourcecode.c.objc; path = RKSettingViewController.m; sourceTree = "<group>"; };
		1A18891F226D7A8600289476 /* RKHomeListTableViewCell.h */ = {isa = PBXFileReference; lastKnownFileType = sourcecode.c.h; path = RKHomeListTableViewCell.h; sourceTree = "<group>"; };
		1A188920226D7A8600289476 /* RKHomeListTableViewCell.m */ = {isa = PBXFileReference; lastKnownFileType = sourcecode.c.objc; path = RKHomeListTableViewCell.m; sourceTree = "<group>"; };
		1A188922226D7AC300289476 /* RKModel.h */ = {isa = PBXFileReference; lastKnownFileType = sourcecode.c.h; path = RKModel.h; sourceTree = "<group>"; };
		1A188923226D7AC300289476 /* RKModel.m */ = {isa = PBXFileReference; lastKnownFileType = sourcecode.c.objc; path = RKModel.m; sourceTree = "<group>"; };
		1A188925226D7AEC00289476 /* RKBook.h */ = {isa = PBXFileReference; lastKnownFileType = sourcecode.c.h; path = RKBook.h; sourceTree = "<group>"; };
		1A188926226D7AEC00289476 /* RKBook.m */ = {isa = PBXFileReference; lastKnownFileType = sourcecode.c.objc; path = RKBook.m; sourceTree = "<group>"; };
		1A188928226D7B1200289476 /* RKChapter.h */ = {isa = PBXFileReference; lastKnownFileType = sourcecode.c.h; path = RKChapter.h; sourceTree = "<group>"; };
		1A188929226D7B1200289476 /* RKChapter.m */ = {isa = PBXFileReference; lastKnownFileType = sourcecode.c.objc; path = RKChapter.m; sourceTree = "<group>"; };
		1A18892C226D7BC900289476 /* RKFileManager.h */ = {isa = PBXFileReference; fileEncoding = 4; lastKnownFileType = sourcecode.c.h; path = RKFileManager.h; sourceTree = "<group>"; };
		1A18892D226D7BC900289476 /* RKFileManage.m */ = {isa = PBXFileReference; fileEncoding = 4; lastKnownFileType = sourcecode.c.objc; path = RKFileManage.m; sourceTree = "<group>"; };
		1A188930226D7BEB00289476 /* RKLoadingView.m */ = {isa = PBXFileReference; fileEncoding = 4; lastKnownFileType = sourcecode.c.objc; path = RKLoadingView.m; sourceTree = "<group>"; };
		1A188931226D7BEB00289476 /* RKAlertMessage.m */ = {isa = PBXFileReference; fileEncoding = 4; lastKnownFileType = sourcecode.c.objc; path = RKAlertMessage.m; sourceTree = "<group>"; };
		1A188932226D7BEB00289476 /* RKLoadingView.h */ = {isa = PBXFileReference; fileEncoding = 4; lastKnownFileType = sourcecode.c.h; path = RKLoadingView.h; sourceTree = "<group>"; };
		1A188933226D7BEB00289476 /* RKAlertMessage.h */ = {isa = PBXFileReference; fileEncoding = 4; lastKnownFileType = sourcecode.c.h; path = RKAlertMessage.h; sourceTree = "<group>"; };
		1A188938226DB93E00289476 /* RKBookImprotViewController.h */ = {isa = PBXFileReference; lastKnownFileType = sourcecode.c.h; path = RKBookImprotViewController.h; sourceTree = "<group>"; };
		1A188939226DB93E00289476 /* RKBookImprotViewController.m */ = {isa = PBXFileReference; lastKnownFileType = sourcecode.c.objc; path = RKBookImprotViewController.m; sourceTree = "<group>"; };
		1AAF3236230AA449008C5E45 /* RKFontSetttingViewController.h */ = {isa = PBXFileReference; lastKnownFileType = sourcecode.c.h; path = RKFontSetttingViewController.h; sourceTree = "<group>"; };
		1AAF3237230AA449008C5E45 /* RKFontSetttingViewController.m */ = {isa = PBXFileReference; lastKnownFileType = sourcecode.c.objc; path = RKFontSetttingViewController.m; sourceTree = "<group>"; };
		1AAF3239230AA796008C5E45 /* RKSelectImageCollectionViewCell.h */ = {isa = PBXFileReference; lastKnownFileType = sourcecode.c.h; path = RKSelectImageCollectionViewCell.h; sourceTree = "<group>"; };
		1AAF323A230AA796008C5E45 /* RKSelectImageCollectionViewCell.m */ = {isa = PBXFileReference; lastKnownFileType = sourcecode.c.objc; path = RKSelectImageCollectionViewCell.m; sourceTree = "<group>"; };
		1AC0C8D8230A41F100194C48 /* RKReadSettingViewController.h */ = {isa = PBXFileReference; lastKnownFileType = sourcecode.c.h; path = RKReadSettingViewController.h; sourceTree = "<group>"; };
		1AC0C8D9230A41F100194C48 /* RKReadSettingViewController.m */ = {isa = PBXFileReference; lastKnownFileType = sourcecode.c.objc; path = RKReadSettingViewController.m; sourceTree = "<group>"; };
		1AC0C8DB230A496200194C48 /* YuppySC-Regular.otf */ = {isa = PBXFileReference; lastKnownFileType = file; path = "YuppySC-Regular.otf"; sourceTree = "<group>"; };
		1AC0C8DD230A9D7C00194C48 /* RKSelectImageViewController.h */ = {isa = PBXFileReference; lastKnownFileType = sourcecode.c.h; path = RKSelectImageViewController.h; sourceTree = "<group>"; };
		1AC0C8DE230A9D7C00194C48 /* RKSelectImageViewController.m */ = {isa = PBXFileReference; lastKnownFileType = sourcecode.c.objc; path = RKSelectImageViewController.m; sourceTree = "<group>"; };
		A7185894243780E73AEEC108 /* Pods-Reader.release.xcconfig */ = {isa = PBXFileReference; includeInIndex = 1; lastKnownFileType = text.xcconfig; name = "Pods-Reader.release.xcconfig"; path = "Target Support Files/Pods-Reader/Pods-Reader.release.xcconfig"; sourceTree = "<group>"; };
		D421B9BE9DB0080C1EDE9100 /* libPods-Reader.a */ = {isa = PBXFileReference; explicitFileType = archive.ar; includeInIndex = 0; path = "libPods-Reader.a"; sourceTree = BUILT_PRODUCTS_DIR; };
		EA09352FB9B7EA91A845E811 /* Pods-Reader.debug.xcconfig */ = {isa = PBXFileReference; includeInIndex = 1; lastKnownFileType = text.xcconfig; name = "Pods-Reader.debug.xcconfig"; path = "Target Support Files/Pods-Reader/Pods-Reader.debug.xcconfig"; sourceTree = "<group>"; };
/* End PBXFileReference section */

/* Begin PBXFrameworksBuildPhase section */
		1A1888F0226D709100289476 /* Frameworks */ = {
			isa = PBXFrameworksBuildPhase;
			buildActionMask = 2147483647;
			files = (
				2F87695335C4479095D5B371 /* libPods-Reader.a in Frameworks */,
			);
			runOnlyForDeploymentPostprocessing = 0;
		};
/* End PBXFrameworksBuildPhase section */

/* Begin PBXGroup section */
		1A077624227854CF0073794E /* UserConfig */ = {
			isa = PBXGroup;
			children = (
				1A077625227854EB0073794E /* RKUserConfig.h */,
				1A077626227854EB0073794E /* RKUserConfig.m */,
			);
			path = UserConfig;
			sourceTree = "<group>";
		};
		1A16F8A922716CA3006568A5 /* Read */ = {
			isa = PBXGroup;
			children = (
				1A16F8AA2271A86A006568A5 /* RKReadPageViewController.h */,
				1A16F8AB2271A86A006568A5 /* RKReadPageViewController.m */,
				1A16F8AD2271A877006568A5 /* RKReadViewController.h */,
				1A16F8AE2271A877006568A5 /* RKReadViewController.m */,
				1AC0C8D8230A41F100194C48 /* RKReadSettingViewController.h */,
				1AC0C8D9230A41F100194C48 /* RKReadSettingViewController.m */,
				1AC0C8DD230A9D7C00194C48 /* RKSelectImageViewController.h */,
				1AC0C8DE230A9D7C00194C48 /* RKSelectImageViewController.m */,
				1AAF3236230AA449008C5E45 /* RKFontSetttingViewController.h */,
				1AAF3237230AA449008C5E45 /* RKFontSetttingViewController.m */,
			);
			path = Read;
			sourceTree = "<group>";
		};
		1A1888EA226D709100289476 = {
			isa = PBXGroup;
			children = (
				1A1888F5226D709100289476 /* Reader */,
				1A1888F4226D709100289476 /* Products */,
				82A06DB1445795B6D4520079 /* Pods */,
				296C8907161B58EE0DDBEC40 /* Frameworks */,
			);
			sourceTree = "<group>";
		};
		1A1888F4226D709100289476 /* Products */ = {
			isa = PBXGroup;
			children = (
				1A1888F3226D709100289476 /* Reader.app */,
			);
			name = Products;
			sourceTree = "<group>";
		};
		1A1888F5226D709100289476 /* Reader */ = {
			isa = PBXGroup;
			children = (
				1A188910226D776B00289476 /* Base */,
				1A18890F226D776200289476 /* Models */,
				1A18890E226D775A00289476 /* Views */,
				1A18890D226D774C00289476 /* Controllers */,
				1A18890C226D774100289476 /* Utils */,
				1A188911226D778500289476 /* Supporting Files */,
			);
			path = Reader;
			sourceTree = "<group>";
		};
		1A18890C226D774100289476 /* Utils */ = {
			isa = PBXGroup;
			children = (
				1A077624227854CF0073794E /* UserConfig */,
				1A18892B226D7BB500289476 /* FileManage */,
				1A18892F226D7BCD00289476 /* AlertMessage */,
			);
			path = Utils;
			sourceTree = "<group>";
		};
		1A18890D226D774C00289476 /* Controllers */ = {
			isa = PBXGroup;
			children = (
				1A188937226DB90F00289476 /* Home */,
				1A188936226DB90200289476 /* Setting */,
				1A16F8A922716CA3006568A5 /* Read */,
			);
			path = Controllers;
			sourceTree = "<group>";
		};
		1A18890E226D775A00289476 /* Views */ = {
			isa = PBXGroup;
			children = (
				1A18891F226D7A8600289476 /* RKHomeListTableViewCell.h */,
				1A188920226D7A8600289476 /* RKHomeListTableViewCell.m */,
				1A16F8B02271B713006568A5 /* RKReadMenuView.h */,
				1A16F8B12271B713006568A5 /* RKReadMenuView.m */,
				1A03F1BA22730FAE000BB1E8 /* RKReadView.h */,
				1A03F1BB22730FAE000BB1E8 /* RKReadView.m */,
				1AAF3239230AA796008C5E45 /* RKSelectImageCollectionViewCell.h */,
				1AAF323A230AA796008C5E45 /* RKSelectImageCollectionViewCell.m */,
				1A07E6EF230BEBEC006FB45C /* RKChaptersListView.h */,
				1A07E6F0230BEBEC006FB45C /* RKChaptersListView.m */,
			);
			path = Views;
			sourceTree = "<group>";
		};
		1A18890F226D776200289476 /* Models */ = {
			isa = PBXGroup;
			children = (
				1A188922226D7AC300289476 /* RKModel.h */,
				1A188923226D7AC300289476 /* RKModel.m */,
				1A188925226D7AEC00289476 /* RKBook.h */,
				1A188926226D7AEC00289476 /* RKBook.m */,
				1A188928226D7B1200289476 /* RKChapter.h */,
				1A188929226D7B1200289476 /* RKChapter.m */,
			);
			path = Models;
			sourceTree = "<group>";
		};
		1A188910226D776B00289476 /* Base */ = {
			isa = PBXGroup;
			children = (
				1A188913226D78C000289476 /* RKNavigationController.h */,
				1A188914226D78C000289476 /* RKNavigationController.m */,
				1A188916226D792200289476 /* RKViewController.h */,
				1A188917226D792200289476 /* RKViewController.m */,
			);
			path = Base;
			sourceTree = "<group>";
		};
		1A188911226D778500289476 /* Supporting Files */ = {
			isa = PBXGroup;
			children = (
				1A1888F6226D709100289476 /* AppDelegate.h */,
				1A1888F7226D709100289476 /* AppDelegate.m */,
				1A1888FF226D709200289476 /* Assets.xcassets */,
				1A188901226D709200289476 /* LaunchScreen.storyboard */,
				1A188904226D709200289476 /* Info.plist */,
				1A188905226D709200289476 /* main.m */,
				1A188912226D780800289476 /* PrefixHeader.pch */,
				1AC0C8DB230A496200194C48 /* YuppySC-Regular.otf */,
				1A07E6EB230B9BC0006FB45C /* LingWaiSC-Medium.otf */,
				1A07E6EC230B9CA9006FB45C /* Hannotate.ttc */,
			);
			path = "Supporting Files";
			sourceTree = "<group>";
		};
		1A18892B226D7BB500289476 /* FileManage */ = {
			isa = PBXGroup;
			children = (
				1A18892C226D7BC900289476 /* RKFileManager.h */,
				1A18892D226D7BC900289476 /* RKFileManage.m */,
			);
			path = FileManage;
			sourceTree = "<group>";
		};
		1A18892F226D7BCD00289476 /* AlertMessage */ = {
			isa = PBXGroup;
			children = (
				1A188933226D7BEB00289476 /* RKAlertMessage.h */,
				1A188931226D7BEB00289476 /* RKAlertMessage.m */,
				1A188932226D7BEB00289476 /* RKLoadingView.h */,
				1A188930226D7BEB00289476 /* RKLoadingView.m */,
			);
			path = AlertMessage;
			sourceTree = "<group>";
		};
		1A188936226DB90200289476 /* Setting */ = {
			isa = PBXGroup;
			children = (
				1A18891C226D7A2D00289476 /* RKSettingViewController.h */,
				1A18891D226D7A2D00289476 /* RKSettingViewController.m */,
				1A188938226DB93E00289476 /* RKBookImprotViewController.h */,
				1A188939226DB93E00289476 /* RKBookImprotViewController.m */,
			);
			path = Setting;
			sourceTree = "<group>";
		};
		1A188937226DB90F00289476 /* Home */ = {
			isa = PBXGroup;
			children = (
				1A188919226D79B300289476 /* RKHomeListViewController.h */,
				1A18891A226D79B300289476 /* RKHomeListViewController.m */,
			);
			path = Home;
			sourceTree = "<group>";
		};
		296C8907161B58EE0DDBEC40 /* Frameworks */ = {
			isa = PBXGroup;
			children = (
				D421B9BE9DB0080C1EDE9100 /* libPods-Reader.a */,
			);
			name = Frameworks;
			sourceTree = "<group>";
		};
		82A06DB1445795B6D4520079 /* Pods */ = {
			isa = PBXGroup;
			children = (
				EA09352FB9B7EA91A845E811 /* Pods-Reader.debug.xcconfig */,
				A7185894243780E73AEEC108 /* Pods-Reader.release.xcconfig */,
			);
			path = Pods;
			sourceTree = "<group>";
		};
/* End PBXGroup section */

/* Begin PBXNativeTarget section */
		1A1888F2226D709100289476 /* Reader */ = {
			isa = PBXNativeTarget;
			buildConfigurationList = 1A188909226D709200289476 /* Build configuration list for PBXNativeTarget "Reader" */;
			buildPhases = (
				331E436F3AB0B89DB0C2DFD7 /* [CP] Check Pods Manifest.lock */,
				1A1888EF226D709100289476 /* Sources */,
				1A1888F0226D709100289476 /* Frameworks */,
				1A1888F1226D709100289476 /* Resources */,
				F3DC8A1D47C525D354203879 /* [CP] Copy Pods Resources */,
			);
			buildRules = (
			);
			dependencies = (
			);
			name = Reader;
			productName = Reader;
			productReference = 1A1888F3226D709100289476 /* Reader.app */;
			productType = "com.apple.product-type.application";
		};
/* End PBXNativeTarget section */

/* Begin PBXProject section */
		1A1888EB226D709100289476 /* Project object */ = {
			isa = PBXProject;
			attributes = {
				CLASSPREFIX = RK;
				LastUpgradeCheck = 1020;
				ORGANIZATIONNAME = Rzk;
				TargetAttributes = {
					1A1888F2226D709100289476 = {
						CreatedOnToolsVersion = 10.2.1;
					};
				};
			};
			buildConfigurationList = 1A1888EE226D709100289476 /* Build configuration list for PBXProject "Reader" */;
			compatibilityVersion = "Xcode 9.3";
			developmentRegion = en;
			hasScannedForEncodings = 0;
			knownRegions = (
				en,
				Base,
			);
			mainGroup = 1A1888EA226D709100289476;
			productRefGroup = 1A1888F4226D709100289476 /* Products */;
			projectDirPath = "";
			projectRoot = "";
			targets = (
				1A1888F2226D709100289476 /* Reader */,
			);
		};
/* End PBXProject section */

/* Begin PBXResourcesBuildPhase section */
		1A1888F1226D709100289476 /* Resources */ = {
			isa = PBXResourcesBuildPhase;
			buildActionMask = 2147483647;
			files = (
				1A07E6EE230B9CB5006FB45C /* LingWaiSC-Medium.otf in Resources */,
				1A07E6ED230B9CA9006FB45C /* Hannotate.ttc in Resources */,
				1A188903226D709200289476 /* LaunchScreen.storyboard in Resources */,
				1AC0C8DC230A496200194C48 /* YuppySC-Regular.otf in Resources */,
				1A188900226D709200289476 /* Assets.xcassets in Resources */,
			);
			runOnlyForDeploymentPostprocessing = 0;
		};
/* End PBXResourcesBuildPhase section */

/* Begin PBXShellScriptBuildPhase section */
		331E436F3AB0B89DB0C2DFD7 /* [CP] Check Pods Manifest.lock */ = {
			isa = PBXShellScriptBuildPhase;
			buildActionMask = 2147483647;
			files = (
			);
			inputFileListPaths = (
			);
			inputPaths = (
				"${PODS_PODFILE_DIR_PATH}/Podfile.lock",
				"${PODS_ROOT}/Manifest.lock",
			);
			name = "[CP] Check Pods Manifest.lock";
			outputFileListPaths = (
			);
			outputPaths = (
				"$(DERIVED_FILE_DIR)/Pods-Reader-checkManifestLockResult.txt",
			);
			runOnlyForDeploymentPostprocessing = 0;
			shellPath = /bin/sh;
			shellScript = "diff \"${PODS_PODFILE_DIR_PATH}/Podfile.lock\" \"${PODS_ROOT}/Manifest.lock\" > /dev/null\nif [ $? != 0 ] ; then\n    # print error to STDERR\n    echo \"error: The sandbox is not in sync with the Podfile.lock. Run 'pod install' or update your CocoaPods installation.\" >&2\n    exit 1\nfi\n# This output is used by Xcode 'outputs' to avoid re-running this script phase.\necho \"SUCCESS\" > \"${SCRIPT_OUTPUT_FILE_0}\"\n";
			showEnvVarsInLog = 0;
		};
		F3DC8A1D47C525D354203879 /* [CP] Copy Pods Resources */ = {
			isa = PBXShellScriptBuildPhase;
			buildActionMask = 2147483647;
			files = (
			);
			inputFileListPaths = (
			);
			inputPaths = (
				"${PODS_ROOT}/Target Support Files/Pods-Reader/Pods-Reader-resources.sh",
				"${PODS_ROOT}/GCDWebServer/GCDWebUploader/GCDWebUploader.bundle",
				"${PODS_ROOT}/QMUIKit/QMUIKit/QMUIResources/QMUIResources.bundle",
			);
			name = "[CP] Copy Pods Resources";
			outputFileListPaths = (
			);
			outputPaths = (
				"${TARGET_BUILD_DIR}/${UNLOCALIZED_RESOURCES_FOLDER_PATH}/GCDWebUploader.bundle",
				"${TARGET_BUILD_DIR}/${UNLOCALIZED_RESOURCES_FOLDER_PATH}/QMUIResources.bundle",
			);
			runOnlyForDeploymentPostprocessing = 0;
			shellPath = /bin/sh;
			shellScript = "\"${PODS_ROOT}/Target Support Files/Pods-Reader/Pods-Reader-resources.sh\"\n";
			showEnvVarsInLog = 0;
		};
/* End PBXShellScriptBuildPhase section */

/* Begin PBXSourcesBuildPhase section */
		1A1888EF226D709100289476 /* Sources */ = {
			isa = PBXSourcesBuildPhase;
			buildActionMask = 2147483647;
			files = (
				1AC0C8DF230A9D7C00194C48 /* RKSelectImageViewController.m in Sources */,
				1A16F8AC2271A86A006568A5 /* RKReadPageViewController.m in Sources */,
				1AAF3238230AA449008C5E45 /* RKFontSetttingViewController.m in Sources */,
				1A188927226D7AEC00289476 /* RKBook.m in Sources */,
				1A18891B226D79B300289476 /* RKHomeListViewController.m in Sources */,
				1A07E6F1230BEBEC006FB45C /* RKChaptersListView.m in Sources */,
				1A077627227854EB0073794E /* RKUserConfig.m in Sources */,
				1A18892A226D7B1200289476 /* RKChapter.m in Sources */,
				1A188918226D792200289476 /* RKViewController.m in Sources */,
				1A188935226D7BEB00289476 /* RKAlertMessage.m in Sources */,
				1A188934226D7BEB00289476 /* RKLoadingView.m in Sources */,
				1A188924226D7AC300289476 /* RKModel.m in Sources */,
				1A18893A226DB93E00289476 /* RKBookImprotViewController.m in Sources */,
				1A16F8AF2271A877006568A5 /* RKReadViewController.m in Sources */,
				1A18891E226D7A2D00289476 /* RKSettingViewController.m in Sources */,
				1A188915226D78C000289476 /* RKNavigationController.m in Sources */,
				1A18892E226D7BC900289476 /* RKFileManage.m in Sources */,
				1AC0C8DA230A41F100194C48 /* RKReadSettingViewController.m in Sources */,
				1A16F8B22271B713006568A5 /* RKReadMenuView.m in Sources */,
				1AAF323B230AA796008C5E45 /* RKSelectImageCollectionViewCell.m in Sources */,
				1A188906226D709200289476 /* main.m in Sources */,
				1A1888F8226D709100289476 /* AppDelegate.m in Sources */,
				1A188921226D7A8600289476 /* RKHomeListTableViewCell.m in Sources */,
				1A03F1BC22730FAE000BB1E8 /* RKReadView.m in Sources */,
			);
			runOnlyForDeploymentPostprocessing = 0;
		};
/* End PBXSourcesBuildPhase section */

/* Begin PBXVariantGroup section */
		1A188901226D709200289476 /* LaunchScreen.storyboard */ = {
			isa = PBXVariantGroup;
			children = (
				1A188902226D709200289476 /* Base */,
			);
			name = LaunchScreen.storyboard;
			sourceTree = "<group>";
		};
/* End PBXVariantGroup section */

/* Begin XCBuildConfiguration section */
		1A188907226D709200289476 /* Debug */ = {
			isa = XCBuildConfiguration;
			buildSettings = {
				ALWAYS_SEARCH_USER_PATHS = NO;
				CLANG_ANALYZER_NONNULL = YES;
				CLANG_ANALYZER_NUMBER_OBJECT_CONVERSION = YES_AGGRESSIVE;
				CLANG_CXX_LANGUAGE_STANDARD = "gnu++14";
				CLANG_CXX_LIBRARY = "libc++";
				CLANG_ENABLE_MODULES = YES;
				CLANG_ENABLE_OBJC_ARC = YES;
				CLANG_ENABLE_OBJC_WEAK = YES;
				CLANG_WARN_BLOCK_CAPTURE_AUTORELEASING = YES;
				CLANG_WARN_BOOL_CONVERSION = YES;
				CLANG_WARN_COMMA = YES;
				CLANG_WARN_CONSTANT_CONVERSION = YES;
				CLANG_WARN_DEPRECATED_OBJC_IMPLEMENTATIONS = YES;
				CLANG_WARN_DIRECT_OBJC_ISA_USAGE = YES_ERROR;
				CLANG_WARN_DOCUMENTATION_COMMENTS = YES;
				CLANG_WARN_EMPTY_BODY = YES;
				CLANG_WARN_ENUM_CONVERSION = YES;
				CLANG_WARN_INFINITE_RECURSION = YES;
				CLANG_WARN_INT_CONVERSION = YES;
				CLANG_WARN_NON_LITERAL_NULL_CONVERSION = YES;
				CLANG_WARN_OBJC_IMPLICIT_RETAIN_SELF = YES;
				CLANG_WARN_OBJC_LITERAL_CONVERSION = YES;
				CLANG_WARN_OBJC_ROOT_CLASS = YES_ERROR;
				CLANG_WARN_RANGE_LOOP_ANALYSIS = YES;
				CLANG_WARN_STRICT_PROTOTYPES = YES;
				CLANG_WARN_SUSPICIOUS_MOVE = YES;
				CLANG_WARN_UNGUARDED_AVAILABILITY = YES_AGGRESSIVE;
				CLANG_WARN_UNREACHABLE_CODE = YES;
				CLANG_WARN__DUPLICATE_METHOD_MATCH = YES;
				CODE_SIGN_IDENTITY = "iPhone Developer";
				COPY_PHASE_STRIP = NO;
				DEBUG_INFORMATION_FORMAT = dwarf;
				ENABLE_STRICT_OBJC_MSGSEND = YES;
				ENABLE_TESTABILITY = YES;
				GCC_C_LANGUAGE_STANDARD = gnu11;
				GCC_DYNAMIC_NO_PIC = NO;
				GCC_NO_COMMON_BLOCKS = YES;
				GCC_OPTIMIZATION_LEVEL = 0;
				GCC_PREPROCESSOR_DEFINITIONS = (
					"DEBUG=1",
					"$(inherited)",
				);
				GCC_WARN_64_TO_32_BIT_CONVERSION = YES;
				GCC_WARN_ABOUT_RETURN_TYPE = YES_ERROR;
				GCC_WARN_UNDECLARED_SELECTOR = YES;
				GCC_WARN_UNINITIALIZED_AUTOS = YES_AGGRESSIVE;
				GCC_WARN_UNUSED_FUNCTION = YES;
				GCC_WARN_UNUSED_VARIABLE = YES;
				IPHONEOS_DEPLOYMENT_TARGET = 12.2;
				MTL_ENABLE_DEBUG_INFO = INCLUDE_SOURCE;
				MTL_FAST_MATH = YES;
				ONLY_ACTIVE_ARCH = YES;
				SDKROOT = iphoneos;
			};
			name = Debug;
		};
		1A188908226D709200289476 /* Release */ = {
			isa = XCBuildConfiguration;
			buildSettings = {
				ALWAYS_SEARCH_USER_PATHS = NO;
				CLANG_ANALYZER_NONNULL = YES;
				CLANG_ANALYZER_NUMBER_OBJECT_CONVERSION = YES_AGGRESSIVE;
				CLANG_CXX_LANGUAGE_STANDARD = "gnu++14";
				CLANG_CXX_LIBRARY = "libc++";
				CLANG_ENABLE_MODULES = YES;
				CLANG_ENABLE_OBJC_ARC = YES;
				CLANG_ENABLE_OBJC_WEAK = YES;
				CLANG_WARN_BLOCK_CAPTURE_AUTORELEASING = YES;
				CLANG_WARN_BOOL_CONVERSION = YES;
				CLANG_WARN_COMMA = YES;
				CLANG_WARN_CONSTANT_CONVERSION = YES;
				CLANG_WARN_DEPRECATED_OBJC_IMPLEMENTATIONS = YES;
				CLANG_WARN_DIRECT_OBJC_ISA_USAGE = YES_ERROR;
				CLANG_WARN_DOCUMENTATION_COMMENTS = YES;
				CLANG_WARN_EMPTY_BODY = YES;
				CLANG_WARN_ENUM_CONVERSION = YES;
				CLANG_WARN_INFINITE_RECURSION = YES;
				CLANG_WARN_INT_CONVERSION = YES;
				CLANG_WARN_NON_LITERAL_NULL_CONVERSION = YES;
				CLANG_WARN_OBJC_IMPLICIT_RETAIN_SELF = YES;
				CLANG_WARN_OBJC_LITERAL_CONVERSION = YES;
				CLANG_WARN_OBJC_ROOT_CLASS = YES_ERROR;
				CLANG_WARN_RANGE_LOOP_ANALYSIS = YES;
				CLANG_WARN_STRICT_PROTOTYPES = YES;
				CLANG_WARN_SUSPICIOUS_MOVE = YES;
				CLANG_WARN_UNGUARDED_AVAILABILITY = YES_AGGRESSIVE;
				CLANG_WARN_UNREACHABLE_CODE = YES;
				CLANG_WARN__DUPLICATE_METHOD_MATCH = YES;
				CODE_SIGN_IDENTITY = "iPhone Developer";
				COPY_PHASE_STRIP = NO;
				DEBUG_INFORMATION_FORMAT = "dwarf-with-dsym";
				ENABLE_NS_ASSERTIONS = NO;
				ENABLE_STRICT_OBJC_MSGSEND = YES;
				GCC_C_LANGUAGE_STANDARD = gnu11;
				GCC_NO_COMMON_BLOCKS = YES;
				GCC_WARN_64_TO_32_BIT_CONVERSION = YES;
				GCC_WARN_ABOUT_RETURN_TYPE = YES_ERROR;
				GCC_WARN_UNDECLARED_SELECTOR = YES;
				GCC_WARN_UNINITIALIZED_AUTOS = YES_AGGRESSIVE;
				GCC_WARN_UNUSED_FUNCTION = YES;
				GCC_WARN_UNUSED_VARIABLE = YES;
				IPHONEOS_DEPLOYMENT_TARGET = 12.2;
				MTL_ENABLE_DEBUG_INFO = NO;
				MTL_FAST_MATH = YES;
				SDKROOT = iphoneos;
				VALIDATE_PRODUCT = YES;
			};
			name = Release;
		};
		1A18890A226D709200289476 /* Debug */ = {
			isa = XCBuildConfiguration;
			baseConfigurationReference = EA09352FB9B7EA91A845E811 /* Pods-Reader.debug.xcconfig */;
			buildSettings = {
				ASSETCATALOG_COMPILER_APPICON_NAME = AppIcon;
				CODE_SIGN_STYLE = Automatic;
				DEVELOPMENT_TEAM = 2MC8B96QW9;
				GCC_PREFIX_HEADER = "$(PROJECT_NAME)/Supporting Files/PrefixHeader.pch";
				INFOPLIST_FILE = "$(PROJECT_NAME)/Supporting Files/Info.plist";
				IPHONEOS_DEPLOYMENT_TARGET = 9.0;
				LD_RUNPATH_SEARCH_PATHS = (
					"$(inherited)",
					"@executable_path/Frameworks",
				);
				PRODUCT_BUNDLE_IDENTIFIER = micsoft.Reader;
				PRODUCT_NAME = "$(TARGET_NAME)";
				TARGETED_DEVICE_FAMILY = "1,2";
			};
			name = Debug;
		};
		1A18890B226D709200289476 /* Release */ = {
			isa = XCBuildConfiguration;
			baseConfigurationReference = A7185894243780E73AEEC108 /* Pods-Reader.release.xcconfig */;
			buildSettings = {
				ASSETCATALOG_COMPILER_APPICON_NAME = AppIcon;
				CODE_SIGN_STYLE = Automatic;
				DEVELOPMENT_TEAM = 2MC8B96QW9;
				GCC_PREFIX_HEADER = "$(PROJECT_NAME)/Supporting Files/PrefixHeader.pch";
				INFOPLIST_FILE = "$(PROJECT_NAME)/Supporting Files/Info.plist";
				IPHONEOS_DEPLOYMENT_TARGET = 9.0;
				LD_RUNPATH_SEARCH_PATHS = (
					"$(inherited)",
					"@executable_path/Frameworks",
				);
				PRODUCT_BUNDLE_IDENTIFIER = micsoft.Reader;
				PRODUCT_NAME = "$(TARGET_NAME)";
				TARGETED_DEVICE_FAMILY = "1,2";
			};
			name = Release;
		};
/* End XCBuildConfiguration section */

/* Begin XCConfigurationList section */
		1A1888EE226D709100289476 /* Build configuration list for PBXProject "Reader" */ = {
			isa = XCConfigurationList;
			buildConfigurations = (
				1A188907226D709200289476 /* Debug */,
				1A188908226D709200289476 /* Release */,
			);
			defaultConfigurationIsVisible = 0;
			defaultConfigurationName = Release;
		};
		1A188909226D709200289476 /* Build configuration list for PBXNativeTarget "Reader" */ = {
			isa = XCConfigurationList;
			buildConfigurations = (
				1A18890A226D709200289476 /* Debug */,
				1A18890B226D709200289476 /* Release */,
			);
			defaultConfigurationIsVisible = 0;
			defaultConfigurationName = Release;
		};
/* End XCConfigurationList section */
	};
	rootObject = 1A1888EB226D709100289476 /* Project object */;
}
